
Microsoft Visual Studio Solution File, Format Version 12.00
# Visual Studio Version 17
VisualStudioVersion = 17.7.34024.191
MinimumVisualStudioVersion = 10.0.40219.1
Project("{FAE04EC0-301F-11D3-BF4B-00C04F79EFBC}") = "UI", "UI\UI.csproj", "{2E971C67-6D0E-44D8-BE8D-E5B756E508D2}"
EndProject
Global
	GlobalSection(SolutionConfigurationPlatforms) = preSolution
		Debug|Any CPU = Debug|Any CPU
		Release|Any CPU = Release|Any CPU
	EndGlobalSection
	GlobalSection(ProjectConfigurationPlatforms) = postSolution
		{2E971C67-6D0E-44D8-BE8D-E5B756E508D2}.Debug|Any CPU.ActiveCfg = Debug|Any CPU
		{2E971C67-6D0E-44D8-BE8D-E5B756E508D2}.Debug|Any CPU.Build.0 = Debug|Any CPU
		{2E971C67-6D0E-44D8-BE8D-E5B756E508D2}.Release|Any CPU.ActiveCfg = Release|Any CPU
		{2E971C67-6D0E-44D8-BE8D-E5B756E508D2}.Release|Any CPU.Build.0 = Release|Any CPU
	EndGlobalSection
	GlobalSection(SolutionProperties) = preSolution
		HideSolutionNode = FALSE
	EndGlobalSection
	GlobalSection(ExtensibilityGlobals) = postSolution
		SolutionGuid = {416F064B-F841-44E1-9A4C-50EBADB361E6}
	EndGlobalSection
EndGlobal
